# This file is autogenerated, do not edit; changes may be undone by the next 'dep ensure'.


[[projects]]
  name = "github.com/davecgh/go-spew"
  packages = ["spew"]
  revision = "346938d642f2ec3594ed81d874461961cd0faa76"
  version = "v1.1.0"

[[projects]]
  branch = "master"
  name = "github.com/dustin/go-humanize"
  packages = ["."]
  revision = "bb3d318650d48840a39aa21a027c6630e198e626"

[[projects]]
  name = "github.com/ghetzel/cli"
  packages = ["."]
  revision = "d69b4400b5ac82448a5ab1d8462e80540c94e480"
  version = "v1.16.0"

[[projects]]
  branch = "master"
  name = "github.com/ghetzel/go-stockutil"
  packages = ["maputil","rxutil","sliceutil","stringutil","typeutil"]
  revision = "0ead864ba628952599e54460167b4a1c32c11a1c"

[[projects]]
  name = "github.com/ghodss/yaml"
  packages = ["."]
  revision = "0ca9ea5df5451ffdf184b4428c902747c2c11cd7"
  version = "v1.0.0"

[[projects]]
  name = "github.com/jbenet/go-base58"
  packages = ["."]
  revision = "6237cf65f3a6f7111cd8a42be3590df99a66bc7d"
  version = "1.0.0"

[[projects]]
  name = "github.com/julienschmidt/httprouter"
  packages = ["."]
  revision = "8c199fb6259ffc1af525cc3ad52ee60ba8359669"
  version = "v1.1"

[[projects]]
  branch = "master"
  name = "github.com/microcosm-cc/bluemonday"
  packages = ["."]
  revision = "68fecaef60268522d2ac3f0123cec9d3bcab7b6e"

[[projects]]
  name = "github.com/montanaflynn/stats"
  packages = ["."]
  revision = "eeaced052adbcfeea372c749c281099ed7fdaa38"
  version = "0.2.0"

[[projects]]
  branch = "master"
  name = "github.com/op/go-logging"
  packages = ["."]
  revision = "970db520ece77730c7e4724c61121037378659d9"

[[projects]]
  name = "github.com/pmezard/go-difflib"
  packages = ["difflib"]
  revision = "792786c7400a136282c1664665ae0a8db921c6c2"
  version = "v1.0.0"

[[projects]]
  branch = "master"
  name = "github.com/russross/blackfriday"
  packages = ["."]
  revision = "6d1ef893fcb01b4f50cb6e57ed7df3e2e627b6b2"

[[projects]]
  name = "github.com/satori/go.uuid"
  packages = ["."]
  revision = "879c5887cd475cd7864858769793b2ceb0d44feb"
  version = "v1.1.0"

[[projects]]
  branch = "master"
  name = "github.com/spaolacci/murmur3"
  packages = ["."]
  revision = "9f5d223c60793748f04a9d5b4b4eacddfc1f755d"

[[projects]]
  name = "github.com/stretchr/testify"
  packages = ["assert","require"]
  revision = "69483b4bd14f5845b5a1e55bca19e954e827f1d0"
  version = "v1.1.4"

[[projects]]
  name = "github.com/urfave/negroni"
  packages = ["."]
  revision = "5dbbc83f748fc3ad38585842b0aedab546d0ea1e"
  version = "v0.3.0"

[[projects]]
  branch = "master"
  name = "golang.org/x/net"
  packages = ["html","html/atom"]
  revision = "a8b9294777976932365dabb6640cf1468d95c70f"

[[projects]]
  branch = "v2"
  name = "gopkg.in/yaml.v2"
  packages = ["."]
  revision = "287cf08546ab5e7e37d55a84f7ed3fd1db036de5"

[solve-meta]
  analyzer-name = "dep"
  analyzer-version = 1
  inputs-digest = "9564de9394273b8d9dd590ad3f1dcf977203068b191be239981889ad70e03d50"
  solver-name = "gps-cdcl"
  solver-version = 1
