# This file is autogenerated, do not edit; changes may be undone by the next 'dep ensure'.


[[projects]]
  branch = "master"
  name = "github.com/PuerkitoBio/goquery"
  packages = ["."]
  revision = "ea1bc64a63088ac2bbf1a2edcae38413794a7710"

[[projects]]
  name = "github.com/andybalholm/cascadia"
  packages = ["."]
  revision = "901648c87902174f774fac311d7f176f8647bdaa"
  version = "v1.0.0"

[[projects]]
  name = "github.com/c-bata/go-prompt"
  packages = ["."]
  revision = "e99fbc797b795e0a7a94affc8d44f6a0350d85f0"
  version = "v0.2.1"

[[projects]]
  name = "github.com/davecgh/go-spew"
  packages = ["spew"]
  revision = "346938d642f2ec3594ed81d874461961cd0faa76"
  version = "v1.1.0"

[[projects]]
  branch = "master"
  name = "github.com/dsnet/compress"
  packages = [
    "brotli",
    "internal",
    "internal/errors"
  ]
  revision = "cc9eb1d7ad760af14e8f918698f745e80377af4f"

[[projects]]
  branch = "master"
  name = "github.com/dustin/go-humanize"
  packages = ["."]
  revision = "02af3965c54e8cacf948b97fef38925c4120652c"

[[projects]]
  name = "github.com/fatih/color"
  packages = ["."]
  revision = "5b77d2a35fb0ede96d138fc9a99f5c9b6aef11b4"
  version = "v1.7.0"

[[projects]]
  name = "github.com/fatih/structs"
  packages = ["."]
  revision = "a720dfa8df582c51dee1b36feabb906bde1588bd"
  version = "v1.0"

[[projects]]
  branch = "master"
  name = "github.com/ghetzel/argonaut"
  packages = ["."]
  revision = "51604c68ce3090673b707db1e5ce8c7a22001478"

[[projects]]
  branch = "master"
  name = "github.com/ghetzel/cli"
  packages = ["."]
  revision = "4733699ce30faa633c4db36ebfbe427963593d7d"

[[projects]]
  branch = "master"
  name = "github.com/ghetzel/friendscript"
  packages = [
    ".",
    "commands/core",
    "commands/file",
    "commands/fmt",
    "commands/utils",
    "commands/vars",
    "scripting",
    "utils"
  ]
  revision = "1111fdbe64940c47ed1bd202d5e2ffc47ce07ee6"

[[projects]]
  name = "github.com/ghetzel/go-stockutil"
  packages = [
    "colorutil",
    "convutil",
    "httputil",
    "log",
    "maputil",
    "mathutil",
    "pathutil",
    "rxutil",
    "sliceutil",
    "stringutil",
    "timeutil",
    "typeutil",
    "utils"
  ]
  revision = "cefdce65ed1636cd76046303bd73098ca4f712d6"
  version = "v1.5.45"

[[projects]]
  branch = "master"
  name = "github.com/ghetzel/go-webfriend"
  packages = [
    ".",
    "browser",
    "commands/assert",
    "commands/cookies",
    "commands/core",
    "commands/page",
    "utils"
  ]
  revision = "3ddcec16327994829e7724620b8f9449e61589ab"

[[projects]]
  name = "github.com/ghetzel/uuid"
  packages = ["."]
  revision = "dec09d789f3dba190787f8b4454c7d3c936fed9e"
  version = "v0.3"

[[projects]]
  name = "github.com/ghodss/yaml"
  packages = ["."]
  revision = "0ca9ea5df5451ffdf184b4428c902747c2c11cd7"
  version = "v1.0.0"

[[projects]]
  name = "github.com/gobwas/glob"
  packages = [
    ".",
    "compiler",
    "match",
    "syntax",
    "syntax/ast",
    "syntax/lexer",
    "util/runes",
    "util/strings"
  ]
  revision = "5ccd90ef52e1e632236f7326478d4faa74f99438"
  version = "v0.2.3"

[[projects]]
  branch = "master"
  name = "github.com/google/btree"
  packages = ["."]
  revision = "4030bb1f1f0c35b30ca7009e9ebd06849dd45306"

[[projects]]
  name = "github.com/gorilla/websocket"
  packages = ["."]
  revision = "ea4d1f681babbce9545c9c5f3d5194a789c89f5b"
  version = "v1.2.0"

[[projects]]
  branch = "master"
  name = "github.com/gregjones/httpcache"
  packages = [
    ".",
    "diskcache"
  ]
  revision = "9cad4c3443a7200dd6400aef47183728de563a38"

[[projects]]
  branch = "master"
  name = "github.com/grokify/html-strip-tags-go"
  packages = ["."]
  revision = "2e24dd3c29e5fe86a6ac41c713f2e2840b3062e6"

[[projects]]
  branch = "master"
  name = "github.com/hashicorp/errwrap"
  packages = ["."]
  revision = "7554cd9344cec97297fa6649b055a8c98c2a1e55"

[[projects]]
  branch = "master"
  name = "github.com/hashicorp/go-multierror"
  packages = ["."]
  revision = "b7773ae218740a7be65057fc60b366a49b538a44"

[[projects]]
  name = "github.com/husobee/vestigo"
  packages = ["."]
  revision = "f8f5b5dc2bd74408887fd4b462055e324c4cbd63"
  version = "v1.1.0"

[[projects]]
  name = "github.com/jbenet/go-base58"
  packages = ["."]
  revision = "6237cf65f3a6f7111cd8a42be3590df99a66bc7d"
  version = "1.0.0"

[[projects]]
  name = "github.com/jdkato/prose"
  packages = [
    "internal/util",
    "tokenize"
  ]
  revision = "20d3663d4bc9dd10d75abcde9d92e04b4861c674"
  version = "v1.1.0"

[[projects]]
  name = "github.com/juliangruber/go-intersect"
  packages = ["."]
  revision = "b60b3a5b35ade098834e63cf9e094108650641a2"
  version = "v1.0.0"

[[projects]]
  name = "github.com/julienschmidt/httprouter"
  packages = ["."]
  revision = "8c199fb6259ffc1af525cc3ad52ee60ba8359669"
  version = "v1.1"

[[projects]]
  branch = "master"
  name = "github.com/kelvins/sunrisesunset"
  packages = ["."]
  revision = "14f1915ad4b4fc68cdf3c144e39293993e21c67c"

[[projects]]
  name = "github.com/mafredri/cdp"
  packages = [
    ".",
    "devtool",
    "internal/errors",
    "protocol",
    "protocol/accessibility",
    "protocol/animation",
    "protocol/applicationcache",
    "protocol/audits",
    "protocol/browser",
    "protocol/cachestorage",
    "protocol/console",
    "protocol/css",
    "protocol/database",
    "protocol/debugger",
    "protocol/deviceorientation",
    "protocol/dom",
    "protocol/domdebugger",
    "protocol/domsnapshot",
    "protocol/domstorage",
    "protocol/emulation",
    "protocol/headlessexperimental",
    "protocol/heapprofiler",
    "protocol/indexeddb",
    "protocol/input",
    "protocol/inspector",
    "protocol/internal",
    "protocol/io",
    "protocol/layertree",
    "protocol/log",
    "protocol/memory",
    "protocol/network",
    "protocol/overlay",
    "protocol/page",
    "protocol/performance",
    "protocol/profiler",
    "protocol/runtime",
    "protocol/schema",
    "protocol/security",
    "protocol/serviceworker",
    "protocol/storage",
    "protocol/systeminfo",
    "protocol/target",
    "protocol/tethering",
    "protocol/tracing",
    "rpcc"
  ]
  revision = "52b8ab24b49848d8f54145760f7a5eb122130e70"
  version = "v0.18.2"

[[projects]]
  name = "github.com/martinlindhe/unit"
  packages = ["."]
  revision = "158876cf1be6a0802ae125afaf03fc759efcc445"
  version = "0.2.2"

[[projects]]
  name = "github.com/mattn/go-colorable"
  packages = ["."]
  revision = "167de6bfdfba052fa6b2d3664c8f5272e23c9072"
  version = "v0.0.9"

[[projects]]
  name = "github.com/mattn/go-isatty"
  packages = ["."]
  revision = "0360b2af4f38e8d38c7fce2a9f4e702702d73a39"
  version = "v0.0.3"

[[projects]]
  name = "github.com/mattn/go-shellwords"
  packages = ["."]
  revision = "02e3cf038dcea8290e44424da473dd12be796a8a"
  version = "v1.0.3"

[[projects]]
  branch = "master"
  name = "github.com/mattn/go-tty"
  packages = ["."]
  revision = "931426f7535ac39720c8909d70ece5a41a2502a6"

[[projects]]
  branch = "master"
  name = "github.com/mcuadros/go-defaults"
  packages = ["."]
  revision = "e1c978be3307be96ef03a0bd25d719ab50d277e4"

[[projects]]
  branch = "master"
  name = "github.com/microcosm-cc/bluemonday"
  packages = ["."]
  revision = "995366fdf961d03629cd17361bddd32745718e2c"

[[projects]]
  branch = "master"
  name = "github.com/mitchellh/go-ps"
  packages = ["."]
  revision = "4fdf99ab29366514c69ccccddab5dc58b8d84062"

[[projects]]
  name = "github.com/mitchellh/mapstructure"
  packages = ["."]
  revision = "fa473d140ef3c6adf42d6b391fe76707f1f243c8"
  version = "v1.0.0"

[[projects]]
  name = "github.com/montanaflynn/stats"
  packages = ["."]
  revision = "eeaced052adbcfeea372c749c281099ed7fdaa38"
  version = "0.2.0"

[[projects]]
  branch = "master"
  name = "github.com/op/go-logging"
  packages = ["."]
  revision = "970db520ece77730c7e4724c61121037378659d9"

[[projects]]
  branch = "master"
  name = "github.com/petar/GoLLRB"
  packages = ["llrb"]
  revision = "53be0d36a84c2a886ca057d34b6aa4468df9ccb4"

[[projects]]
  name = "github.com/peterbourgon/diskv"
  packages = ["."]
  revision = "5f041e8faa004a95c88a202771f4cc3e991971e6"
  version = "v2.0.1"

[[projects]]
  name = "github.com/phayes/freeport"
  packages = ["."]
  revision = "b8543db493a5ed890c5499e935e2cad7504f3a04"
  version = "1.0.2"

[[projects]]
  branch = "master"
  name = "github.com/pkg/term"
  packages = ["termios"]
  revision = "cda20d4ac917ad418d86e151eff439648b06185b"

[[projects]]
  name = "github.com/pmezard/go-difflib"
  packages = ["difflib"]
  revision = "792786c7400a136282c1664665ae0a8db921c6c2"
  version = "v1.0.0"

[[projects]]
  name = "github.com/russross/blackfriday"
  packages = ["."]
  revision = "55d61fa8aa702f59229e6cff85793c22e580eaf5"
  version = "v1.5.1"

[[projects]]
  name = "github.com/spaolacci/murmur3"
  packages = ["."]
  revision = "9f5d223c60793748f04a9d5b4b4eacddfc1f755d"
  version = "v1.1"

[[projects]]
  name = "github.com/stretchr/testify"
  packages = [
    "assert",
    "require"
  ]
  revision = "12b6f73e6084dad08a7c6e575284b177ecafbc71"
  version = "v1.2.1"

[[projects]]
  branch = "master"
  name = "github.com/tg123/go-htpasswd"
  packages = ["."]
  revision = "49fe3fd1681ba27b7a766372bfcdf74b8a10548c"

[[projects]]
  name = "github.com/urfave/negroni"
  packages = ["."]
  revision = "5dbbc83f748fc3ad38585842b0aedab546d0ea1e"
  version = "v0.3.0"

[[projects]]
  branch = "master"
  name = "github.com/yosssi/gohtml"
  packages = ["."]
  revision = "97fbf36f4aa81f723d0530f5495a820ba267ae5f"

[[projects]]
  branch = "master"
  name = "golang.org/x/net"
  packages = [
    "html",
    "html/atom"
  ]
  revision = "dfa909b99c79129e1100513e5cd36307665e5723"

[[projects]]
  branch = "master"
  name = "golang.org/x/sys"
  packages = ["unix"]
  revision = "b269ba27edabbc65a34a9ccdcaca3744d43ac3c8"

[[projects]]
  name = "gopkg.in/neurosnap/sentences.v1"
  packages = [
    ".",
    "data"
  ]
  revision = "a7f18ead1433a139742a8b42ce7a059cfb484d60"
  version = "v1.0.6"

[[projects]]
  name = "gopkg.in/yaml.v2"
  packages = ["."]
  revision = "5420a8b6744d3b0345ab293f6fcba19c978f1183"
  version = "v2.2.1"

[solve-meta]
  analyzer-name = "dep"
  analyzer-version = 1
  inputs-digest = "7647a306db0aa0757be42684ea3c0681396e10f57fb74f292e66a2a0c072cee7"
  solver-name = "gps-cdcl"
  solver-version = 1
